
Microsoft Visual Studio Solution File, Format Version 12.00
# Visual Studio Version 16
VisualStudioVersion = 16.0.30517.126
MinimumVisualStudioVersion = 10.0.40219.1
Project("{FAE04EC0-301F-11D3-BF4B-00C04F79EFBC}") = "ProWebshop2021", "ProWebshop2021\ProWebshop2021.csproj", "{30F4F6A7-6C97-45E8-802E-DD5DD9306EF0}"
EndProject
Global
	GlobalSection(SolutionConfigurationPlatforms) = preSolution
		Debug|Any CPU = Debug|Any CPU
		Release|Any CPU = Release|Any CPU
	EndGlobalSection
	GlobalSection(ProjectConfigurationPlatforms) = postSolution
		{30F4F6A7-6C97-45E8-802E-DD5DD9306EF0}.Debug|Any CPU.ActiveCfg = Debug|Any CPU
		{30F4F6A7-6C97-45E8-802E-DD5DD9306EF0}.Debug|Any CPU.Build.0 = Debug|Any CPU
		{30F4F6A7-6C97-45E8-802E-DD5DD9306EF0}.Release|Any CPU.ActiveCfg = Release|Any CPU
		{30F4F6A7-6C97-45E8-802E-DD5DD9306EF0}.Release|Any CPU.Build.0 = Release|Any CPU
	EndGlobalSection
	GlobalSection(SolutionProperties) = preSolution
		HideSolutionNode = FALSE
	EndGlobalSection
	GlobalSection(ExtensibilityGlobals) = postSolution
		SolutionGuid = {3D20A74C-6FDC-4F6E-A38F-E1ABDBE1D018}
	EndGlobalSection
EndGlobal
